{
  "version": "5",
  "specifiers": {
    "npm:pyodide@*": "0.29.4"
  },
  "npm": {
    "@types/emscripten@1.41.5": {
      "integrity": "sha512-cMQm7pxu6BxtHyqJ7mQZ2kXWV5SLmugybFdHCBbJ5eHzOo6VhBckEgAT3//rP5FwPHNPeEiq4SmQ5ucBwsOo4Q=="
    },
    "pyodide@0.29.4": {
      "integrity": "sha512-tCseTsqU3kSxZIjkue5zXxTMNEwrKZwOIIEQRBA/VzHxFN1hoCxe4w41phfCdHd9it9RcCNQb5K/Re0InqMgvA==",
      "dependencies": [
        "@types/emscripten",
        "ws"
      ]
    },
    "ws@8.20.1": {
      "integrity": "sha512-It4dO0K5v//JtTXuPkfEOaI3uUN87iYPnqo/ZzqCoG3g8uhA66QUMs/SrM0YK7/NAu+r4LMh/9dq2A7k+rHs+w=="
    }
  },
  "workspace": {
    "dependencies": [
      "npm:pyodide@*"
    ]
  }
}
